
Microsoft Visual Studio Solution File, Format Version 12.00
# Visual Studio 15
VisualStudioVersion = 15.0.28307.539
MinimumVisualStudioVersion = 10.0.40219.1
Project("{9A19103F-16F7-4668-BE54-9A1E7A4F7556}") = "RenovationBot", "RenovationBot.csproj", "{0095D743-BB18-4F57-90D7-4747BA0A03BA}"
EndProject
Global
	GlobalSection(SolutionConfigurationPlatforms) = preSolution
		Debug|Any CPU = Debug|Any CPU
		Release|Any CPU = Release|Any CPU
	EndGlobalSection
	GlobalSection(ProjectConfigurationPlatforms) = postSolution
		{0095D743-BB18-4F57-90D7-4747BA0A03BA}.Debug|Any CPU.ActiveCfg = Debug|Any CPU
		{0095D743-BB18-4F57-90D7-4747BA0A03BA}.Debug|Any CPU.Build.0 = Debug|Any CPU
		{0095D743-BB18-4F57-90D7-4747BA0A03BA}.Release|Any CPU.ActiveCfg = Release|Any CPU
		{0095D743-BB18-4F57-90D7-4747BA0A03BA}.Release|Any CPU.Build.0 = Release|Any CPU
	EndGlobalSection
	GlobalSection(SolutionProperties) = preSolution
		HideSolutionNode = FALSE
	EndGlobalSection
	GlobalSection(ExtensibilityGlobals) = postSolution
		SolutionGuid = {984B51D1-E2EC-48C3-8E34-999261ACC91B}
	EndGlobalSection
EndGlobal
